
Microsoft Visual Studio Solution File, Format Version 12.00
# Visual Studio Version 16
VisualStudioVersion = 16.0.29123.88
MinimumVisualStudioVersion = 10.0.40219.1
Project("{FAE04EC0-301F-11D3-BF4B-00C04F79EFBC}") = "DesktopClean", "DesktopClean\DesktopClean.csproj", "{173A8CB8-16B1-425F-8217-5C0D33074917}"
EndProject
Global
	GlobalSection(SolutionConfigurationPlatforms) = preSolution
		Debug|Any CPU = Debug|Any CPU
		Release|Any CPU = Release|Any CPU
	EndGlobalSection
	GlobalSection(ProjectConfigurationPlatforms) = postSolution
		{173A8CB8-16B1-425F-8217-5C0D33074917}.Debug|Any CPU.ActiveCfg = Debug|Any CPU
		{173A8CB8-16B1-425F-8217-5C0D33074917}.Debug|Any CPU.Build.0 = Debug|Any CPU
		{173A8CB8-16B1-425F-8217-5C0D33074917}.Release|Any CPU.ActiveCfg = Release|Any CPU
		{173A8CB8-16B1-425F-8217-5C0D33074917}.Release|Any CPU.Build.0 = Release|Any CPU
	EndGlobalSection
	GlobalSection(SolutionProperties) = preSolution
		HideSolutionNode = FALSE
	EndGlobalSection
	GlobalSection(ExtensibilityGlobals) = postSolution
		SolutionGuid = {C59A41BC-27FC-4A9D-B561-74BE5F2434F4}
	EndGlobalSection
EndGlobal
